// !$*UTF8*$!
{
	archiveVersion = 1;
	classes = {
	};
	objectVersion = 50;
	objects = {

/* Begin PBXBuildFile section */
		E61113912163923000732808 /* AppDelegate.swift in Sources */ = {isa = PBXBuildFile; fileRef = E61113902163923000732808 /* AppDelegate.swift */; };
		E61113932163923000732808 /* ViewController.swift in Sources */ = {isa = PBXBuildFile; fileRef = E61113922163923000732808 /* ViewController.swift */; };
		E61113962163923000732808 /* Main.storyboard in Resources */ = {isa = PBXBuildFile; fileRef = E61113942163923000732808 /* Main.storyboard */; };
		E61113982163923100732808 /* Assets.xcassets in Resources */ = {isa = PBXBuildFile; fileRef = E61113972163923100732808 /* Assets.xcassets */; };
		E611139B2163923100732808 /* LaunchScreen.storyboard in Resources */ = {isa = PBXBuildFile; fileRef = E61113992163923100732808 /* LaunchScreen.storyboard */; };
		E61113A62163923100732808 /* Swift_CallbackSamplesTests.swift in Sources */ = {isa = PBXBuildFile; fileRef = E61113A52163923100732808 /* Swift_CallbackSamplesTests.swift */; };
		E61113B12163923100732808 /* Swift_CallbackSamplesUITests.swift in Sources */ = {isa = PBXBuildFile; fileRef = E61113B02163923100732808 /* Swift_CallbackSamplesUITests.swift */; };
/* End PBXBuildFile section */

/* Begin PBXContainerItemProxy section */
		E61113A22163923100732808 /* PBXContainerItemProxy */ = {
			isa = PBXContainerItemProxy;
			containerPortal = E61113852163923000732808 /* Project object */;
			proxyType = 1;
			remoteGlobalIDString = E611138C2163923000732808;
			remoteInfo = "Swift-CallbackSamples";
		};
		E61113AD2163923100732808 /* PBXContainerItemProxy */ = {
			isa = PBXContainerItemProxy;
			containerPortal = E61113852163923000732808 /* Project object */;
			proxyType = 1;
			remoteGlobalIDString = E611138C2163923000732808;
			remoteInfo = "Swift-CallbackSamples";
		};
/* End PBXContainerItemProxy section */

/* Begin PBXFileReference section */
		E611138D2163923000732808 /* Swift-CallbackSamples.app */ = {isa = PBXFileReference; explicitFileType = wrapper.application; includeInIndex = 0; path = "Swift-CallbackSamples.app"; sourceTree = BUILT_PRODUCTS_DIR; };
		E61113902163923000732808 /* AppDelegate.swift */ = {isa = PBXFileReference; lastKnownFileType = sourcecode.swift; path = AppDelegate.swift; sourceTree = "<group>"; };
		E61113922163923000732808 /* ViewController.swift */ = {isa = PBXFileReference; lastKnownFileType = sourcecode.swift; path = ViewController.swift; sourceTree = "<group>"; };
		E61113952163923000732808 /* Base */ = {isa = PBXFileReference; lastKnownFileType = file.storyboard; name = Base; path = Base.lproj/Main.storyboard; sourceTree = "<group>"; };
		E61113972163923100732808 /* Assets.xcassets */ = {isa = PBXFileReference; lastKnownFileType = folder.assetcatalog; path = Assets.xcassets; sourceTree = "<group>"; };
		E611139A2163923100732808 /* Base */ = {isa = PBXFileReference; lastKnownFileType = file.storyboard; name = Base; path = Base.lproj/LaunchScreen.storyboard; sourceTree = "<group>"; };
		E611139C2163923100732808 /* Info.plist */ = {isa = PBXFileReference; lastKnownFileType = text.plist.xml; path = Info.plist; sourceTree = "<group>"; };
		E61113A12163923100732808 /* Swift-CallbackSamplesTests.xctest */ = {isa = PBXFileReference; explicitFileType = wrapper.cfbundle; includeInIndex = 0; path = "Swift-CallbackSamplesTests.xctest"; sourceTree = BUILT_PRODUCTS_DIR; };
		E61113A52163923100732808 /* Swift_CallbackSamplesTests.swift */ = {isa = PBXFileReference; lastKnownFileType = sourcecode.swift; path = Swift_CallbackSamplesTests.swift; sourceTree = "<group>"; };
		E61113A72163923100732808 /* Info.plist */ = {isa = PBXFileReference; lastKnownFileType = text.plist.xml; path = Info.plist; sourceTree = "<group>"; };
		E61113AC2163923100732808 /* Swift-CallbackSamplesUITests.xctest */ = {isa = PBXFileReference; explicitFileType = wrapper.cfbundle; includeInIndex = 0; path = "Swift-CallbackSamplesUITests.xctest"; sourceTree = BUILT_PRODUCTS_DIR; };
		E61113B02163923100732808 /* Swift_CallbackSamplesUITests.swift */ = {isa = PBXFileReference; lastKnownFileType = sourcecode.swift; path = Swift_CallbackSamplesUITests.swift; sourceTree = "<group>"; };
		E61113B22163923100732808 /* Info.plist */ = {isa = PBXFileReference; lastKnownFileType = text.plist.xml; path = Info.plist; sourceTree = "<group>"; };
/* End PBXFileReference section */

/* Begin PBXFrameworksBuildPhase section */
		E611138A2163923000732808 /* Frameworks */ = {
			isa = PBXFrameworksBuildPhase;
			buildActionMask = 2147483647;
			files = (
			);
			runOnlyForDeploymentPostprocessing = 0;
		};
		E611139E2163923100732808 /* Frameworks */ = {
			isa = PBXFrameworksBuildPhase;
			buildActionMask = 2147483647;
			files = (
			);
			runOnlyForDeploymentPostprocessing = 0;
		};
		E61113A92163923100732808 /* Frameworks */ = {
			isa = PBXFrameworksBuildPhase;
			buildActionMask = 2147483647;
			files = (
			);
			runOnlyForDeploymentPostprocessing = 0;
		};
/* End PBXFrameworksBuildPhase section */

/* Begin PBXGroup section */
		E61113842163923000732808 = {
			isa = PBXGroup;
			children = (
				E611138F2163923000732808 /* Swift-CallbackSamples */,
				E61113A42163923100732808 /* Swift-CallbackSamplesTests */,
				E61113AF2163923100732808 /* Swift-CallbackSamplesUITests */,
				E611138E2163923000732808 /* Products */,
			);
			sourceTree = "<group>";
		};
		E611138E2163923000732808 /* Products */ = {
			isa = PBXGroup;
			children = (
				E611138D2163923000732808 /* Swift-CallbackSamples.app */,
				E61113A12163923100732808 /* Swift-CallbackSamplesTests.xctest */,
				E61113AC2163923100732808 /* Swift-CallbackSamplesUITests.xctest */,
			);
			name = Products;
			sourceTree = "<group>";
		};
		E611138F2163923000732808 /* Swift-CallbackSamples */ = {
			isa = PBXGroup;
			children = (
				E61113902163923000732808 /* AppDelegate.swift */,
				E61113922163923000732808 /* ViewController.swift */,
				E61113942163923000732808 /* Main.storyboard */,
				E61113972163923100732808 /* Assets.xcassets */,
				E61113992163923100732808 /* LaunchScreen.storyboard */,
				E611139C2163923100732808 /* Info.plist */,
			);
			path = "Swift-CallbackSamples";
			sourceTree = "<group>";
		};
		E61113A42163923100732808 /* Swift-CallbackSamplesTests */ = {
			isa = PBXGroup;
			children = (
				E61113A52163923100732808 /* Swift_CallbackSamplesTests.swift */,
				E61113A72163923100732808 /* Info.plist */,
			);
			path = "Swift-CallbackSamplesTests";
			sourceTree = "<group>";
		};
		E61113AF2163923100732808 /* Swift-CallbackSamplesUITests */ = {
			isa = PBXGroup;
			children = (
				E61113B02163923100732808 /* Swift_CallbackSamplesUITests.swift */,
				E61113B22163923100732808 /* Info.plist */,
			);
			path = "Swift-CallbackSamplesUITests";
			sourceTree = "<group>";
		};
/* End PBXGroup section */

/* Begin PBXNativeTarget section */
		E611138C2163923000732808 /* Swift-CallbackSamples */ = {
			isa = PBXNativeTarget;
			buildConfigurationList = E61113B52163923100732808 /* Build configuration list for PBXNativeTarget "Swift-CallbackSamples" */;
			buildPhases = (
				E61113892163923000732808 /* Sources */,
				E611138A2163923000732808 /* Frameworks */,
				E611138B2163923000732808 /* Resources */,
			);
			buildRules = (
			);
			dependencies = (
			);
			name = "Swift-CallbackSamples";
			productName = "Swift-CallbackSamples";
			productReference = E611138D2163923000732808 /* Swift-CallbackSamples.app */;
			productType = "com.apple.product-type.application";
		};
		E61113A02163923100732808 /* Swift-CallbackSamplesTests */ = {
			isa = PBXNativeTarget;
			buildConfigurationList = E61113B82163923100732808 /* Build configuration list for PBXNativeTarget "Swift-CallbackSamplesTests" */;
			buildPhases = (
				E611139D2163923100732808 /* Sources */,
				E611139E2163923100732808 /* Frameworks */,
				E611139F2163923100732808 /* Resources */,
			);
			buildRules = (
			);
			dependencies = (
				E61113A32163923100732808 /* PBXTargetDependency */,
			);
			name = "Swift-CallbackSamplesTests";
			productName = "Swift-CallbackSamplesTests";
			productReference = E61113A12163923100732808 /* Swift-CallbackSamplesTests.xctest */;
			productType = "com.apple.product-type.bundle.unit-test";
		};
		E61113AB2163923100732808 /* Swift-CallbackSamplesUITests */ = {
			isa = PBXNativeTarget;
			buildConfigurationList = E61113BB2163923100732808 /* Build configuration list for PBXNativeTarget "Swift-CallbackSamplesUITests" */;
			buildPhases = (
				E61113A82163923100732808 /* Sources */,
				E61113A92163923100732808 /* Frameworks */,
				E61113AA2163923100732808 /* Resources */,
			);
			buildRules = (
			);
			dependencies = (
				E61113AE2163923100732808 /* PBXTargetDependency */,
			);
			name = "Swift-CallbackSamplesUITests";
			productName = "Swift-CallbackSamplesUITests";
			productReference = E61113AC2163923100732808 /* Swift-CallbackSamplesUITests.xctest */;
			productType = "com.apple.product-type.bundle.ui-testing";
		};
/* End PBXNativeTarget section */

/* Begin PBXProject section */
		E61113852163923000732808 /* Project object */ = {
			isa = PBXProject;
			attributes = {
				LastSwiftUpdateCheck = 0940;
				LastUpgradeCheck = 0940;
				ORGANIZATIONNAME = KoYamaura;
				TargetAttributes = {
					E611138C2163923000732808 = {
						CreatedOnToolsVersion = 9.4.1;
					};
					E61113A02163923100732808 = {
						CreatedOnToolsVersion = 9.4.1;
						TestTargetID = E611138C2163923000732808;
					};
					E61113AB2163923100732808 = {
						CreatedOnToolsVersion = 9.4.1;
						TestTargetID = E611138C2163923000732808;
					};
				};
			};
			buildConfigurationList = E61113882163923000732808 /* Build configuration list for PBXProject "Swift-CallbackSamples" */;
			compatibilityVersion = "Xcode 9.3";
			developmentRegion = en;
			hasScannedForEncodings = 0;
			knownRegions = (
				en,
				Base,
			);
			mainGroup = E61113842163923000732808;
			productRefGroup = E611138E2163923000732808 /* Products */;
			projectDirPath = "";
			projectRoot = "";
			targets = (
				E611138C2163923000732808 /* Swift-CallbackSamples */,
				E61113A02163923100732808 /* Swift-CallbackSamplesTests */,
				E61113AB2163923100732808 /* Swift-CallbackSamplesUITests */,
			);
		};
/* End PBXProject section */

/* Begin PBXResourcesBuildPhase section */
		E611138B2163923000732808 /* Resources */ = {
			isa = PBXResourcesBuildPhase;
			buildActionMask = 2147483647;
			files = (
				E611139B2163923100732808 /* LaunchScreen.storyboard in Resources */,
				E61113982163923100732808 /* Assets.xcassets in Resources */,
				E61113962163923000732808 /* Main.storyboard in Resources */,
			);
			runOnlyForDeploymentPostprocessing = 0;
		};
		E611139F2163923100732808 /* Resources */ = {
			isa = PBXResourcesBuildPhase;
			buildActionMask = 2147483647;
			files = (
			);
			runOnlyForDeploymentPostprocessing = 0;
		};
		E61113AA2163923100732808 /* Resources */ = {
			isa = PBXResourcesBuildPhase;
			buildActionMask = 2147483647;
			files = (
			);
			runOnlyForDeploymentPostprocessing = 0;
		};
/* End PBXResourcesBuildPhase section */

/* Begin PBXSourcesBuildPhase section */
		E61113892163923000732808 /* Sources */ = {
			isa = PBXSourcesBuildPhase;
			buildActionMask = 2147483647;
			files = (
				E61113932163923000732808 /* ViewController.swift in Sources */,
				E61113912163923000732808 /* AppDelegate.swift in Sources */,
			);
			runOnlyForDeploymentPostprocessing = 0;
		};
		E611139D2163923100732808 /* Sources */ = {
			isa = PBXSourcesBuildPhase;
			buildActionMask = 2147483647;
			files = (
				E61113A62163923100732808 /* Swift_CallbackSamplesTests.swift in Sources */,
			);
			runOnlyForDeploymentPostprocessing = 0;
		};
		E61113A82163923100732808 /* Sources */ = {
			isa = PBXSourcesBuildPhase;
			buildActionMask = 2147483647;
			files = (
				E61113B12163923100732808 /* Swift_CallbackSamplesUITests.swift in Sources */,
			);
			runOnlyForDeploymentPostprocessing = 0;
		};
/* End PBXSourcesBuildPhase section */

/* Begin PBXTargetDependency section */
		E61113A32163923100732808 /* PBXTargetDependency */ = {
			isa = PBXTargetDependency;
			target = E611138C2163923000732808 /* Swift-CallbackSamples */;
			targetProxy = E61113A22163923100732808 /* PBXContainerItemProxy */;
		};
		E61113AE2163923100732808 /* PBXTargetDependency */ = {
			isa = PBXTargetDependency;
			target = E611138C2163923000732808 /* Swift-CallbackSamples */;
			targetProxy = E61113AD2163923100732808 /* PBXContainerItemProxy */;
		};
/* End PBXTargetDependency section */

/* Begin PBXVariantGroup section */
		E61113942163923000732808 /* Main.storyboard */ = {
			isa = PBXVariantGroup;
			children = (
				E61113952163923000732808 /* Base */,
			);
			name = Main.storyboard;
			sourceTree = "<group>";
		};
		E61113992163923100732808 /* LaunchScreen.storyboard */ = {
			isa = PBXVariantGroup;
			children = (
				E611139A2163923100732808 /* Base */,
			);
			name = LaunchScreen.storyboard;
			sourceTree = "<group>";
		};
/* End PBXVariantGroup section */

/* Begin XCBuildConfiguration section */
		E61113B32163923100732808 /* Debug */ = {
			isa = XCBuildConfiguration;
			buildSettings = {
				ALWAYS_SEARCH_USER_PATHS = NO;
				CLANG_ANALYZER_NONNULL = YES;
				CLANG_ANALYZER_NUMBER_OBJECT_CONVERSION = YES_AGGRESSIVE;
				CLANG_CXX_LANGUAGE_STANDARD = "gnu++14";
				CLANG_CXX_LIBRARY = "libc++";
				CLANG_ENABLE_MODULES = YES;
				CLANG_ENABLE_OBJC_ARC = YES;
				CLANG_ENABLE_OBJC_WEAK = YES;
				CLANG_WARN_BLOCK_CAPTURE_AUTORELEASING = YES;
				CLANG_WARN_BOOL_CONVERSION = YES;
				CLANG_WARN_COMMA = YES;
				CLANG_WARN_CONSTANT_CONVERSION = YES;
				CLANG_WARN_DEPRECATED_OBJC_IMPLEMENTATIONS = YES;
				CLANG_WARN_DIRECT_OBJC_ISA_USAGE = YES_ERROR;
				CLANG_WARN_DOCUMENTATION_COMMENTS = YES;
				CLANG_WARN_EMPTY_BODY = YES;
				CLANG_WARN_ENUM_CONVERSION = YES;
				CLANG_WARN_INFINITE_RECURSION = YES;
				CLANG_WARN_INT_CONVERSION = YES;
				CLANG_WARN_NON_LITERAL_NULL_CONVERSION = YES;
				CLANG_WARN_OBJC_IMPLICIT_RETAIN_SELF = YES;
				CLANG_WARN_OBJC_LITERAL_CONVERSION = YES;
				CLANG_WARN_OBJC_ROOT_CLASS = YES_ERROR;
				CLANG_WARN_RANGE_LOOP_ANALYSIS = YES;
				CLANG_WARN_STRICT_PROTOTYPES = YES;
				CLANG_WARN_SUSPICIOUS_MOVE = YES;
				CLANG_WARN_UNGUARDED_AVAILABILITY = YES_AGGRESSIVE;
				CLANG_WARN_UNREACHABLE_CODE = YES;
				CLANG_WARN__DUPLICATE_METHOD_MATCH = YES;
				CODE_SIGN_IDENTITY = "iPhone Developer";
				COPY_PHASE_STRIP = NO;
				DEBUG_INFORMATION_FORMAT = dwarf;
				ENABLE_STRICT_OBJC_MSGSEND = YES;
				ENABLE_TESTABILITY = YES;
				GCC_C_LANGUAGE_STANDARD = gnu11;
				GCC_DYNAMIC_NO_PIC = NO;
				GCC_NO_COMMON_BLOCKS = YES;
				GCC_OPTIMIZATION_LEVEL = 0;
				GCC_PREPROCESSOR_DEFINITIONS = (
					"DEBUG=1",
					"$(inherited)",
				);
				GCC_WARN_64_TO_32_BIT_CONVERSION = YES;
				GCC_WARN_ABOUT_RETURN_TYPE = YES_ERROR;
				GCC_WARN_UNDECLARED_SELECTOR = YES;
				GCC_WARN_UNINITIALIZED_AUTOS = YES_AGGRESSIVE;
				GCC_WARN_UNUSED_FUNCTION = YES;
				GCC_WARN_UNUSED_VARIABLE = YES;
				IPHONEOS_DEPLOYMENT_TARGET = 11.4;
				MTL_ENABLE_DEBUG_INFO = YES;
				ONLY_ACTIVE_ARCH = YES;
				SDKROOT = iphoneos;
				SWIFT_ACTIVE_COMPILATION_CONDITIONS = DEBUG;
				SWIFT_OPTIMIZATION_LEVEL = "-Onone";
			};
			name = Debug;
		};
		E61113B42163923100732808 /* Release */ = {
			isa = XCBuildConfiguration;
			buildSettings = {
				ALWAYS_SEARCH_USER_PATHS = NO;
				CLANG_ANALYZER_NONNULL = YES;
				CLANG_ANALYZER_NUMBER_OBJECT_CONVERSION = YES_AGGRESSIVE;
				CLANG_CXX_LANGUAGE_STANDARD = "gnu++14";
				CLANG_CXX_LIBRARY = "libc++";
				CLANG_ENABLE_MODULES = YES;
				CLANG_ENABLE_OBJC_ARC = YES;
				CLANG_ENABLE_OBJC_WEAK = YES;
				CLANG_WARN_BLOCK_CAPTURE_AUTORELEASING = YES;
				CLANG_WARN_BOOL_CONVERSION = YES;
				CLANG_WARN_COMMA = YES;
				CLANG_WARN_CONSTANT_CONVERSION = YES;
				CLANG_WARN_DEPRECATED_OBJC_IMPLEMENTATIONS = YES;
				CLANG_WARN_DIRECT_OBJC_ISA_USAGE = YES_ERROR;
				CLANG_WARN_DOCUMENTATION_COMMENTS = YES;
				CLANG_WARN_EMPTY_BODY = YES;
				CLANG_WARN_ENUM_CONVERSION = YES;
				CLANG_WARN_INFINITE_RECURSION = YES;
				CLANG_WARN_INT_CONVERSION = YES;
				CLANG_WARN_NON_LITERAL_NULL_CONVERSION = YES;
				CLANG_WARN_OBJC_IMPLICIT_RETAIN_SELF = YES;
				CLANG_WARN_OBJC_LITERAL_CONVERSION = YES;
				CLANG_WARN_OBJC_ROOT_CLASS = YES_ERROR;
				CLANG_WARN_RANGE_LOOP_ANALYSIS = YES;
				CLANG_WARN_STRICT_PROTOTYPES = YES;
				CLANG_WARN_SUSPICIOUS_MOVE = YES;
				CLANG_WARN_UNGUARDED_AVAILABILITY = YES_AGGRESSIVE;
				CLANG_WARN_UNREACHABLE_CODE = YES;
				CLANG_WARN__DUPLICATE_METHOD_MATCH = YES;
				CODE_SIGN_IDENTITY = "iPhone Developer";
				COPY_PHASE_STRIP = NO;
				DEBUG_INFORMATION_FORMAT = "dwarf-with-dsym";
				ENABLE_NS_ASSERTIONS = NO;
				ENABLE_STRICT_OBJC_MSGSEND = YES;
				GCC_C_LANGUAGE_STANDARD = gnu11;
				GCC_NO_COMMON_BLOCKS = YES;
				GCC_WARN_64_TO_32_BIT_CONVERSION = YES;
				GCC_WARN_ABOUT_RETURN_TYPE = YES_ERROR;
				GCC_WARN_UNDECLARED_SELECTOR = YES;
				GCC_WARN_UNINITIALIZED_AUTOS = YES_AGGRESSIVE;
				GCC_WARN_UNUSED_FUNCTION = YES;
				GCC_WARN_UNUSED_VARIABLE = YES;
				IPHONEOS_DEPLOYMENT_TARGET = 11.4;
				MTL_ENABLE_DEBUG_INFO = NO;
				SDKROOT = iphoneos;
				SWIFT_COMPILATION_MODE = wholemodule;
				SWIFT_OPTIMIZATION_LEVEL = "-O";
				VALIDATE_PRODUCT = YES;
			};
			name = Release;
		};
		E61113B62163923100732808 /* Debug */ = {
			isa = XCBuildConfiguration;
			buildSettings = {
				ASSETCATALOG_COMPILER_APPICON_NAME = AppIcon;
				CODE_SIGN_STYLE = Automatic;
				INFOPLIST_FILE = "Swift-CallbackSamples/Info.plist";
				LD_RUNPATH_SEARCH_PATHS = (
					"$(inherited)",
					"@executable_path/Frameworks",
				);
				PRODUCT_BUNDLE_IDENTIFIER = "KoYamaura.Swift-CallbackSamples";
				PRODUCT_NAME = "$(TARGET_NAME)";
				SWIFT_VERSION = 4.0;
				TARGETED_DEVICE_FAMILY = "1,2";
			};
			name = Debug;
		};
		E61113B72163923100732808 /* Release */ = {
			isa = XCBuildConfiguration;
			buildSettings = {
				ASSETCATALOG_COMPILER_APPICON_NAME = AppIcon;
				CODE_SIGN_STYLE = Automatic;
				INFOPLIST_FILE = "Swift-CallbackSamples/Info.plist";
				LD_RUNPATH_SEARCH_PATHS = (
					"$(inherited)",
					"@executable_path/Frameworks",
				);
				PRODUCT_BUNDLE_IDENTIFIER = "KoYamaura.Swift-CallbackSamples";
				PRODUCT_NAME = "$(TARGET_NAME)";
				SWIFT_VERSION = 4.0;
				TARGETED_DEVICE_FAMILY = "1,2";
			};
			name = Release;
		};
		E61113B92163923100732808 /* Debug */ = {
			isa = XCBuildConfiguration;
			buildSettings = {
				ALWAYS_EMBED_SWIFT_STANDARD_LIBRARIES = YES;
				BUNDLE_LOADER = "$(TEST_HOST)";
				CODE_SIGN_STYLE = Automatic;
				INFOPLIST_FILE = "Swift-CallbackSamplesTests/Info.plist";
				LD_RUNPATH_SEARCH_PATHS = (
					"$(inherited)",
					"@executable_path/Frameworks",
					"@loader_path/Frameworks",
				);
				PRODUCT_BUNDLE_IDENTIFIER = "KoYamaura.Swift-CallbackSamplesTests";
				PRODUCT_NAME = "$(TARGET_NAME)";
				SWIFT_VERSION = 4.0;
				TARGETED_DEVICE_FAMILY = "1,2";
				TEST_HOST = "$(BUILT_PRODUCTS_DIR)/Swift-CallbackSamples.app/Swift-CallbackSamples";
			};
			name = Debug;
		};
		E61113BA2163923100732808 /* Release */ = {
			isa = XCBuildConfiguration;
			buildSettings = {
				ALWAYS_EMBED_SWIFT_STANDARD_LIBRARIES = YES;
				BUNDLE_LOADER = "$(TEST_HOST)";
				CODE_SIGN_STYLE = Automatic;
				INFOPLIST_FILE = "Swift-CallbackSamplesTests/Info.plist";
				LD_RUNPATH_SEARCH_PATHS = (
					"$(inherited)",
					"@executable_path/Frameworks",
					"@loader_path/Frameworks",
				);
				PRODUCT_BUNDLE_IDENTIFIER = "KoYamaura.Swift-CallbackSamplesTests";
				PRODUCT_NAME = "$(TARGET_NAME)";
				SWIFT_VERSION = 4.0;
				TARGETED_DEVICE_FAMILY = "1,2";
				TEST_HOST = "$(BUILT_PRODUCTS_DIR)/Swift-CallbackSamples.app/Swift-CallbackSamples";
			};
			name = Release;
		};
		E61113BC2163923100732808 /* Debug */ = {
			isa = XCBuildConfiguration;
			buildSettings = {
				ALWAYS_EMBED_SWIFT_STANDARD_LIBRARIES = YES;
				CODE_SIGN_STYLE = Automatic;
				INFOPLIST_FILE = "Swift-CallbackSamplesUITests/Info.plist";
				LD_RUNPATH_SEARCH_PATHS = (
					"$(inherited)",
					"@executable_path/Frameworks",
					"@loader_path/Frameworks",
				);
				PRODUCT_BUNDLE_IDENTIFIER = "KoYamaura.Swift-CallbackSamplesUITests";
				PRODUCT_NAME = "$(TARGET_NAME)";
				SWIFT_VERSION = 4.0;
				TARGETED_DEVICE_FAMILY = "1,2";
				TEST_TARGET_NAME = "Swift-CallbackSamples";
			};
			name = Debug;
		};
		E61113BD2163923100732808 /* Release */ = {
			isa = XCBuildConfiguration;
			buildSettings = {
				ALWAYS_EMBED_SWIFT_STANDARD_LIBRARIES = YES;
				CODE_SIGN_STYLE = Automatic;
				INFOPLIST_FILE = "Swift-CallbackSamplesUITests/Info.plist";
				LD_RUNPATH_SEARCH_PATHS = (
					"$(inherited)",
					"@executable_path/Frameworks",
					"@loader_path/Frameworks",
				);
				PRODUCT_BUNDLE_IDENTIFIER = "KoYamaura.Swift-CallbackSamplesUITests";
				PRODUCT_NAME = "$(TARGET_NAME)";
				SWIFT_VERSION = 4.0;
				TARGETED_DEVICE_FAMILY = "1,2";
				TEST_TARGET_NAME = "Swift-CallbackSamples";
			};
			name = Release;
		};
/* End XCBuildConfiguration section */

/* Begin XCConfigurationList section */
		E61113882163923000732808 /* Build configuration list for PBXProject "Swift-CallbackSamples" */ = {
			isa = XCConfigurationList;
			buildConfigurations = (
				E61113B32163923100732808 /* Debug */,
				E61113B42163923100732808 /* Release */,
			);
			defaultConfigurationIsVisible = 0;
			defaultConfigurationName = Release;
		};
		E61113B52163923100732808 /* Build configuration list for PBXNativeTarget "Swift-CallbackSamples" */ = {
			isa = XCConfigurationList;
			buildConfigurations = (
				E61113B62163923100732808 /* Debug */,
				E61113B72163923100732808 /* Release */,
			);
			defaultConfigurationIsVisible = 0;
			defaultConfigurationName = Release;
		};
		E61113B82163923100732808 /* Build configuration list for PBXNativeTarget "Swift-CallbackSamplesTests" */ = {
			isa = XCConfigurationList;
			buildConfigurations = (
				E61113B92163923100732808 /* Debug */,
				E61113BA2163923100732808 /* Release */,
			);
			defaultConfigurationIsVisible = 0;
			defaultConfigurationName = Release;
		};
		E61113BB2163923100732808 /* Build configuration list for PBXNativeTarget "Swift-CallbackSamplesUITests" */ = {
			isa = XCConfigurationList;
			buildConfigurations = (
				E61113BC2163923100732808 /* Debug */,
				E61113BD2163923100732808 /* Release */,
			);
			defaultConfigurationIsVisible = 0;
			defaultConfigurationName = Release;
		};
/* End XCConfigurationList section */
	};
	rootObject = E61113852163923000732808 /* Project object */;
}
